<?xml version="1.0" encoding="UTF-8"?>
<Scheme
   version = "1.3">
   <BuildAction>
      <BuildActionEntries>
         <BuildActionEntry
            buildForRunning = "YES">
            <BuildableReference
               BuildableIdentifier = "primary"
               BlueprintIdentifier = "B489087A98353F4FA5A715E3"
               BuildableName = "grpc-demo-ios.app"
               BlueprintName = "grpc-demo-ios"
               ReferencedContainer = "container:grpc-demo-ios.xcodeproj">
            </BuildableReference>
         </BuildActionEntry>
      </BuildActionEntries>
   </BuildAction>
   <LaunchAction
      useCustomWorkingDirectory = "NO"
      buildConfiguration = "Debug"
      allowLocationSimulation = "YES">
      <BuildableProductRunnable>
         <BuildableReference
            BuildableIdentifier = "primary"
            BlueprintIdentifier = "B489087A98353F4FA5A715E3"
            BuildableName = "grpc-demo-ios.app"
            BlueprintName = "grpc-demo-ios"
            ReferencedContainer = "container:grpc-demo-ios.xcodeproj">
         </BuildableReference>
      </BuildableProductRunnable>
   </LaunchAction>
</Scheme>
